
Microsoft Visual Studio Solution File, Format Version 12.00
# Visual Studio Version 17
VisualStudioVersion = 17.8.34330.188
MinimumVisualStudioVersion = 10.0.40219.1
Project("{9A19103F-16F7-4668-BE54-9A1E7A4F7556}") = "Stage0", "Stage0\Stage0.csproj", "{0B229BD7-3871-4F6D-82F0-1D2351C1278C}"
EndProject
Project("{2150E333-8FDC-42A3-9474-1A3956D46DE8}") = "Solution Items", "Solution Items", "{C85227F3-365C-4691-9F8A-8C87832CB6B5}"
	ProjectSection(SolutionItems) = preProject
		README.md = README.md
	EndProjectSection
EndProject
Project("{9A19103F-16F7-4668-BE54-9A1E7A4F7556}") = "DalFacade", "DalFacade\DalFacade.csproj", "{DB390DEB-6B42-487F-9ED7-741F4FC39692}"
EndProject
Project("{9A19103F-16F7-4668-BE54-9A1E7A4F7556}") = "DalList", "DalList\DalList.csproj", "{97EFC868-FC93-42E0-9D2C-00042AB2C583}"
EndProject
Project("{9A19103F-16F7-4668-BE54-9A1E7A4F7556}") = "DalTest", "DalTest\DalTest.csproj", "{6EBDDD09-74B6-4BE3-A3D1-BD66592711CC}"
EndProject
Project("{9A19103F-16F7-4668-BE54-9A1E7A4F7556}") = "DalXml", "DalXml\DalXml.csproj", "{B90C99E8-2B39-40DB-9953-1CB1893AD4AC}"
EndProject
Project("{2150E333-8FDC-42A3-9474-1A3956D46DE8}") = "xml", "xml", "{7BCA2CD2-C915-42D5-87EA-DC348B9C1CB9}"
	ProjectSection(SolutionItems) = preProject
		xml\dal-config.xml = xml\dal-config.xml
		xml\data-config.xml = xml\data-config.xml
		xml\dependencys.xml = xml\dependencys.xml
		xml\engineers.xml = xml\engineers.xml
		xml\tasks.xml = xml\tasks.xml
	EndProjectSection
EndProject
Project("{9A19103F-16F7-4668-BE54-9A1E7A4F7556}") = "BL", "BL\BL.csproj", "{B134869D-BB5A-487B-9574-65038690351A}"
EndProject
Project("{9A19103F-16F7-4668-BE54-9A1E7A4F7556}") = "BlTest", "BlTest\BlTest.csproj", "{502842B5-4BCB-486E-9E2F-749AC9AD1028}"
EndProject
Project("{FAE04EC0-301F-11D3-BF4B-00C04F79EFBC}") = "PL", "PL\PL.csproj", "{EA682725-CA5C-48D1-B39E-EBC6D60DEAE7}"
EndProject
Global
	GlobalSection(SolutionConfigurationPlatforms) = preSolution
		Debug|Any CPU = Debug|Any CPU
		Release|Any CPU = Release|Any CPU
	EndGlobalSection
	GlobalSection(ProjectConfigurationPlatforms) = postSolution
		{0B229BD7-3871-4F6D-82F0-1D2351C1278C}.Debug|Any CPU.ActiveCfg = Debug|Any CPU
		{0B229BD7-3871-4F6D-82F0-1D2351C1278C}.Debug|Any CPU.Build.0 = Debug|Any CPU
		{0B229BD7-3871-4F6D-82F0-1D2351C1278C}.Release|Any CPU.ActiveCfg = Release|Any CPU
		{0B229BD7-3871-4F6D-82F0-1D2351C1278C}.Release|Any CPU.Build.0 = Release|Any CPU
		{DB390DEB-6B42-487F-9ED7-741F4FC39692}.Debug|Any CPU.ActiveCfg = Debug|Any CPU
		{DB390DEB-6B42-487F-9ED7-741F4FC39692}.Debug|Any CPU.Build.0 = Debug|Any CPU
		{DB390DEB-6B42-487F-9ED7-741F4FC39692}.Release|Any CPU.ActiveCfg = Release|Any CPU
		{DB390DEB-6B42-487F-9ED7-741F4FC39692}.Release|Any CPU.Build.0 = Release|Any CPU
		{97EFC868-FC93-42E0-9D2C-00042AB2C583}.Debug|Any CPU.ActiveCfg = Debug|Any CPU
		{97EFC868-FC93-42E0-9D2C-00042AB2C583}.Debug|Any CPU.Build.0 = Debug|Any CPU
		{97EFC868-FC93-42E0-9D2C-00042AB2C583}.Release|Any CPU.ActiveCfg = Release|Any CPU
		{97EFC868-FC93-42E0-9D2C-00042AB2C583}.Release|Any CPU.Build.0 = Release|Any CPU
		{6EBDDD09-74B6-4BE3-A3D1-BD66592711CC}.Debug|Any CPU.ActiveCfg = Debug|Any CPU
		{6EBDDD09-74B6-4BE3-A3D1-BD66592711CC}.Debug|Any CPU.Build.0 = Debug|Any CPU
		{6EBDDD09-74B6-4BE3-A3D1-BD66592711CC}.Release|Any CPU.ActiveCfg = Release|Any CPU
		{6EBDDD09-74B6-4BE3-A3D1-BD66592711CC}.Release|Any CPU.Build.0 = Release|Any CPU
		{B90C99E8-2B39-40DB-9953-1CB1893AD4AC}.Debug|Any CPU.ActiveCfg = Debug|Any CPU
		{B90C99E8-2B39-40DB-9953-1CB1893AD4AC}.Debug|Any CPU.Build.0 = Debug|Any CPU
		{B90C99E8-2B39-40DB-9953-1CB1893AD4AC}.Release|Any CPU.ActiveCfg = Release|Any CPU
		{B90C99E8-2B39-40DB-9953-1CB1893AD4AC}.Release|Any CPU.Build.0 = Release|Any CPU
		{B134869D-BB5A-487B-9574-65038690351A}.Debug|Any CPU.ActiveCfg = Debug|Any CPU
		{B134869D-BB5A-487B-9574-65038690351A}.Debug|Any CPU.Build.0 = Debug|Any CPU
		{B134869D-BB5A-487B-9574-65038690351A}.Release|Any CPU.ActiveCfg = Release|Any CPU
		{B134869D-BB5A-487B-9574-65038690351A}.Release|Any CPU.Build.0 = Release|Any CPU
		{502842B5-4BCB-486E-9E2F-749AC9AD1028}.Debug|Any CPU.ActiveCfg = Debug|Any CPU
		{502842B5-4BCB-486E-9E2F-749AC9AD1028}.Debug|Any CPU.Build.0 = Debug|Any CPU
		{502842B5-4BCB-486E-9E2F-749AC9AD1028}.Release|Any CPU.ActiveCfg = Release|Any CPU
		{502842B5-4BCB-486E-9E2F-749AC9AD1028}.Release|Any CPU.Build.0 = Release|Any CPU
		{EA682725-CA5C-48D1-B39E-EBC6D60DEAE7}.Debug|Any CPU.ActiveCfg = Debug|Any CPU
		{EA682725-CA5C-48D1-B39E-EBC6D60DEAE7}.Debug|Any CPU.Build.0 = Debug|Any CPU
		{EA682725-CA5C-48D1-B39E-EBC6D60DEAE7}.Release|Any CPU.ActiveCfg = Release|Any CPU
		{EA682725-CA5C-48D1-B39E-EBC6D60DEAE7}.Release|Any CPU.Build.0 = Release|Any CPU
	EndGlobalSection
	GlobalSection(SolutionProperties) = preSolution
		HideSolutionNode = FALSE
	EndGlobalSection
	GlobalSection(ExtensibilityGlobals) = postSolution
		SolutionGuid = {75DC94B3-D788-459D-8CD7-692C5EC319C1}
	EndGlobalSection
EndGlobal
